
Microsoft Visual Studio Solution File, Format Version 12.00
# Visual Studio Version 17
VisualStudioVersion = 17.4.33110.190
MinimumVisualStudioVersion = 10.0.40219.1
Project("{FAE04EC0-301F-11D3-BF4B-00C04F79EFBC}") = "FileAnalyzer", "FileAnalyzer.csproj", "{0C417EDC-4EBE-4040-BCA8-84157F8ED3F0}"
EndProject
Global
	GlobalSection(SolutionConfigurationPlatforms) = preSolution
		Debug|Any CPU = Debug|Any CPU
		Release|Any CPU = Release|Any CPU
	EndGlobalSection
	GlobalSection(ProjectConfigurationPlatforms) = postSolution
		{0C417EDC-4EBE-4040-BCA8-84157F8ED3F0}.Debug|Any CPU.ActiveCfg = Debug|Any CPU
		{0C417EDC-4EBE-4040-BCA8-84157F8ED3F0}.Debug|Any CPU.Build.0 = Debug|Any CPU
		{0C417EDC-4EBE-4040-BCA8-84157F8ED3F0}.Release|Any CPU.ActiveCfg = Release|Any CPU
		{0C417EDC-4EBE-4040-BCA8-84157F8ED3F0}.Release|Any CPU.Build.0 = Release|Any CPU
	EndGlobalSection
	GlobalSection(SolutionProperties) = preSolution
		HideSolutionNode = FALSE
	EndGlobalSection
	GlobalSection(ExtensibilityGlobals) = postSolution
		SolutionGuid = {25A8AB50-3BD7-49AE-A92C-C04F30FAA9C9}
	EndGlobalSection
EndGlobal
